
Microsoft Visual Studio Solution File, Format Version 11.00
# Visual Studio 2010
Project("{FAE04EC0-301F-11D3-BF4B-00C04F79EFBC}") = "WFNetLib40", "WFNetLib40.csproj", "{FF8FFA8D-5A95-4BCE-877D-00DF5076A2F4}"
EndProject
Global
	GlobalSection(TeamFoundationVersionControl) = preSolution
		SccNumberOfProjects = 2
		SccEnterpriseProvider = {4CA58AB2-18FA-4F8D-95D4-32DDF27D184C}
		SccTeamFoundationServer = https://tfs.codeplex.com/tfs/tfs33
		SccLocalPath0 = .
		SccProjectUniqueName1 = WFNetLib40.csproj
		SccLocalPath1 = .
	EndGlobalSection
	GlobalSection(SolutionConfigurationPlatforms) = preSolution
		Debug|Any CPU = Debug|Any CPU
		NET35|Any CPU = NET35|Any CPU
		Release|Any CPU = Release|Any CPU
	EndGlobalSection
	GlobalSection(ProjectConfigurationPlatforms) = postSolution
		{FF8FFA8D-5A95-4BCE-877D-00DF5076A2F4}.Debug|Any CPU.ActiveCfg = Debug|Any CPU
		{FF8FFA8D-5A95-4BCE-877D-00DF5076A2F4}.Debug|Any CPU.Build.0 = Debug|Any CPU
		{FF8FFA8D-5A95-4BCE-877D-00DF5076A2F4}.NET35|Any CPU.ActiveCfg = NET35|Any CPU
		{FF8FFA8D-5A95-4BCE-877D-00DF5076A2F4}.NET35|Any CPU.Build.0 = NET35|Any CPU
		{FF8FFA8D-5A95-4BCE-877D-00DF5076A2F4}.Release|Any CPU.ActiveCfg = Release|Any CPU
		{FF8FFA8D-5A95-4BCE-877D-00DF5076A2F4}.Release|Any CPU.Build.0 = Release|Any CPU
	EndGlobalSection
	GlobalSection(SolutionProperties) = preSolution
		HideSolutionNode = FALSE
	EndGlobalSection
EndGlobal
